
Microsoft Visual Studio Solution File, Format Version 12.00
Project("{FAE04EC0-301F-11D3-BF4B-00C04F79EFBC}") = "BeatForgeClient", "BeatForgeClient\BeatForgeClient.csproj", "{7F92B5FA-A686-44FD-B921-3BB5A6845B7C}"
EndProject
Global
	GlobalSection(SolutionConfigurationPlatforms) = preSolution
		Debug|Any CPU = Debug|Any CPU
		Release|Any CPU = Release|Any CPU
	EndGlobalSection
	GlobalSection(ProjectConfigurationPlatforms) = postSolution
		{7F92B5FA-A686-44FD-B921-3BB5A6845B7C}.Debug|Any CPU.ActiveCfg = Debug|Any CPU
		{7F92B5FA-A686-44FD-B921-3BB5A6845B7C}.Debug|Any CPU.Build.0 = Debug|Any CPU
		{7F92B5FA-A686-44FD-B921-3BB5A6845B7C}.Release|Any CPU.ActiveCfg = Release|Any CPU
		{7F92B5FA-A686-44FD-B921-3BB5A6845B7C}.Release|Any CPU.Build.0 = Release|Any CPU
	EndGlobalSection
EndGlobal
